{
  "name": "@sotaoi/input",
  "version": "1.0.5",
  "lockfileVersion": 2,
  "requires": true,
  "dev": true,
  "packages": {
    "": {
      "name": "@sotaoi/input",
      "version": "1.0.5",
      "devDependencies": {
        "@sotaoi/input": "file:./"
      },
      "engines": {
        "node": "14.x"
      }
    },
    "node_modules/@sotaoi/input": {
      "resolved": "",
      "link": true
    }
  },
  "dependencies": {
    "@sotaoi/input": {
      "version": "file:",
      "requires": {
        "@sotaoi/input": "file:"
      }
    }
  }
}
